
Microsoft Visual Studio Solution File, Format Version 12.00
# Visual Studio Version 17
VisualStudioVersion = 17.13.35818.85 d17.13
MinimumVisualStudioVersion = 10.0.40219.1
Project("{FAE04EC0-301F-11D3-BF4B-00C04F79EFBC}") = "2ndPractice", "2ndPractice.csproj", "{140A224F-2578-4999-B11E-27E8BF19E660}"
EndProject
Global
	GlobalSection(SolutionConfigurationPlatforms) = preSolution
		Debug|Any CPU = Debug|Any CPU
		Release|Any CPU = Release|Any CPU
	EndGlobalSection
	GlobalSection(ProjectConfigurationPlatforms) = postSolution
		{140A224F-2578-4999-B11E-27E8BF19E660}.Debug|Any CPU.ActiveCfg = Debug|Any CPU
		{140A224F-2578-4999-B11E-27E8BF19E660}.Debug|Any CPU.Build.0 = Debug|Any CPU
		{140A224F-2578-4999-B11E-27E8BF19E660}.Release|Any CPU.ActiveCfg = Release|Any CPU
		{140A224F-2578-4999-B11E-27E8BF19E660}.Release|Any CPU.Build.0 = Release|Any CPU
	EndGlobalSection
	GlobalSection(SolutionProperties) = preSolution
		HideSolutionNode = FALSE
	EndGlobalSection
	GlobalSection(ExtensibilityGlobals) = postSolution
		SolutionGuid = {EA664D4B-5EB2-48CB-806F-A9998949FF23}
	EndGlobalSection
EndGlobal
